<?xml version="1.0" encoding="utf-8"?>
<Project ToolsVersion="4.0" xmlns="http://schemas.microsoft.com/developer/msbuild/2003">
  <ItemGroup>
    <Filter Include="Source Files">
      <UniqueIdentifier>{4FC737F1-C7A5-4376-A066-2A32D752A2FF}</UniqueIdentifier>
      <Extensions>cpp;c;cc;cxx;c++;cppm;ixx;def;odl;idl;hpj;bat;asm;asmx</Extensions>
    </Filter>
    <Filter Include="Header Files">
      <UniqueIdentifier>{93995380-89BD-4b04-88EB-625FBE52EBFB}</UniqueIdentifier>
      <Extensions>h;hh;hpp;hxx;h++;hm;inl;inc;ipp;xsd</Extensions>
    </Filter>
    <Filter Include="Resource Files">
      <UniqueIdentifier>{67DA6AB6-F800-4c08-8B7A-83BB121AAD01}</UniqueIdentifier>
      <Extensions>rc;ico;cur;bmp;dlg;rc2;rct;bin;rgs;gif;jpg;jpeg;jpe;resx;tiff;tif;png;wav;mfcribbon-ms</Extensions>
    </Filter>
  </ItemGroup>
  <ItemGroup>
    <ClInclude Include="imgui\includes\imconfig.h">
      <Filter>Header Files</Filter>
    </ClInclude>
    <ClInclude Include="imgui\includes\imgui.h">
      <Filter>Header Files</Filter>
    </ClInclude>
    <ClInclude Include="imgui\includes\imgui_impl_dx11.h">
      <Filter>Header Files</Filter>
    </ClInclude>
    <ClInclude Include="imgui\includes\imgui_impl_win32.h">
      <Filter>Header Files</Filter>
    </ClInclude>
    <ClInclude Include="imgui\includes\imgui_internal.h">
      <Filter>Header Files</Filter>
    </ClInclude>
    <ClInclude Include="imgui\includes\imstb_rectpack.h">
      <Filter>Header Files</Filter>
    </ClInclude>
    <ClInclude Include="imgui\includes\imstb_textedit.h">
      <Filter>Header Files</Filter>
    </ClInclude>
    <ClInclude Include="imgui\includes\imstb_truetype.h">
      <Filter>Header Files</Filter>
    </ClInclude>
    <ClInclude Include="imgui\Theme\ImTheme.hpp">
      <Filter>Header Files</Filter>
    </ClInclude>
    <ClInclude Include="Resources\include\cpprest\details\basic_types.h">
      <Filter>Header Files</Filter>
    </ClInclude>
    <ClInclude Include="Resources\include\cpprest\details\cpprest_compat.h">
      <Filter>Header Files</Filter>
    </ClInclude>
    <ClInclude Include="Resources\include\cpprest\details\fileio.h">
      <Filter>Header Files</Filter>
    </ClInclude>
    <ClInclude Include="Resources\include\cpprest\details\http_helpers.h">
      <Filter>Header Files</Filter>
    </ClInclude>
    <ClInclude Include="Resources\include\cpprest\details\http_server.h">
      <Filter>Header Files</Filter>
    </ClInclude>
    <ClInclude Include="Resources\include\cpprest\details\http_server_api.h">
      <Filter>Header Files</Filter>
    </ClInclude>
    <ClInclude Include="Resources\include\cpprest\details\nosal.h">
      <Filter>Header Files</Filter>
    </ClInclude>
    <ClInclude Include="Resources\include\cpprest\details\resource.h">
      <Filter>Header Files</Filter>
    </ClInclude>
    <ClInclude Include="Resources\include\cpprest\details\SafeInt3.hpp">
      <Filter>Header Files</Filter>
    </ClInclude>
    <ClInclude Include="Resources\include\cpprest\details\web_utilities.h">
      <Filter>Header Files</Filter>
    </ClInclude>
    <ClInclude Include="Resources\include\cpprest\astreambuf.h">
      <Filter>Header Files</Filter>
    </ClInclude>
    <ClInclude Include="Resources\include\cpprest\asyncrt_utils.h">
      <Filter>Header Files</Filter>
    </ClInclude>
    <ClInclude Include="Resources\include\cpprest\base_uri.h">
      <Filter>Header Files</Filter>
    </ClInclude>
    <ClInclude Include="Resources\include\cpprest\containerstream.h">
      <Filter>Header Files</Filter>
    </ClInclude>
    <ClInclude Include="Resources\include\cpprest\filestream.h">
      <Filter>Header Files</Filter>
    </ClInclude>
    <ClInclude Include="Resources\include\cpprest\http_client.h">
      <Filter>Header Files</Filter>
    </ClInclude>
    <ClInclude Include="Resources\include\cpprest\http_compression.h">
      <Filter>Header Files</Filter>
    </ClInclude>
    <ClInclude Include="Resources\include\cpprest\http_headers.h">
      <Filter>Header Files</Filter>
    </ClInclude>
    <ClInclude Include="Resources\include\cpprest\http_listener.h">
      <Filter>Header Files</Filter>
    </ClInclude>
    <ClInclude Include="Resources\include\cpprest\http_msg.h">
      <Filter>Header Files</Filter>
    </ClInclude>
    <ClInclude Include="Resources\include\cpprest\interopstream.h">
      <Filter>Header Files</Filter>
    </ClInclude>
    <ClInclude Include="Resources\include\cpprest\json.h">
      <Filter>Header Files</Filter>
    </ClInclude>
    <ClInclude Include="Resources\include\cpprest\oauth1.h">
      <Filter>Header Files</Filter>
    </ClInclude>
    <ClInclude Include="Resources\include\cpprest\oauth2.h">
      <Filter>Header Files</Filter>
    </ClInclude>
    <ClInclude Include="Resources\include\cpprest\producerconsumerstream.h">
      <Filter>Header Files</Filter>
    </ClInclude>
    <ClInclude Include="Resources\include\cpprest\rawptrstream.h">
      <Filter>Header Files</Filter>
    </ClInclude>
    <ClInclude Include="Resources\include\cpprest\streams.h">
      <Filter>Header Files</Filter>
    </ClInclude>
    <ClInclude Include="Resources\include\cpprest\uri.h">
      <Filter>Header Files</Filter>
    </ClInclude>
    <ClInclude Include="Resources\include\cpprest\uri_builder.h">
      <Filter>Header Files</Filter>
    </ClInclude>
    <ClInclude Include="Resources\include\cpprest\version.h">
      <Filter>Header Files</Filter>
    </ClInclude>
    <ClInclude Include="Resources\include\cpprest\ws_client.h">
      <Filter>Header Files</Filter>
    </ClInclude>
    <ClInclude Include="Resources\include\cpprest\ws_msg.h">
      <Filter>Header Files</Filter>
    </ClInclude>
    <ClInclude Include="Resources\include\pplx\pplx.h">
      <Filter>Header Files</Filter>
    </ClInclude>
    <ClInclude Include="Resources\include\pplx\pplxcancellation_token.h">
      <Filter>Header Files</Filter>
    </ClInclude>
    <ClInclude Include="Resources\include\pplx\pplxconv.h">
      <Filter>Header Files</Filter>
    </ClInclude>
    <ClInclude Include="Resources\include\pplx\pplxinterface.h">
      <Filter>Header Files</Filter>
    </ClInclude>
    <ClInclude Include="Resources\include\pplx\pplxlinux.h">
      <Filter>Header Files</Filter>
    </ClInclude>
    <ClInclude Include="Resources\include\pplx\pplxtasks.h">
      <Filter>Header Files</Filter>
    </ClInclude>
    <ClInclude Include="Resources\include\pplx\pplxwin.h">
      <Filter>Header Files</Filter>
    </ClInclude>
    <ClInclude Include="Resources\include\zconf.h">
      <Filter>Header Files</Filter>
    </ClInclude>
    <ClInclude Include="Resources\include\zlib.h">
      <Filter>Header Files</Filter>
    </ClInclude>
    <ClInclude Include="Resources\include\curl\curl.h">
      <Filter>Header Files</Filter>
    </ClInclude>
    <ClInclude Include="Resources\include\curl\curlver.h">
      <Filter>Header Files</Filter>
    </ClInclude>
    <ClInclude Include="Resources\include\curl\easy.h">
      <Filter>Header Files</Filter>
    </ClInclude>
    <ClInclude Include="Resources\include\curl\header.h">
      <Filter>Header Files</Filter>
    </ClInclude>
    <ClInclude Include="Resources\include\curl\mprintf.h">
      <Filter>Header Files</Filter>
    </ClInclude>
    <ClInclude Include="Resources\include\curl\multi.h">
      <Filter>Header Files</Filter>
    </ClInclude>
    <ClInclude Include="Resources\include\curl\options.h">
      <Filter>Header Files</Filter>
    </ClInclude>
    <ClInclude Include="Resources\include\curl\stdcheaders.h">
      <Filter>Header Files</Filter>
    </ClInclude>
    <ClInclude Include="Resources\include\curl\system.h">
      <Filter>Header Files</Filter>
    </ClInclude>
    <ClInclude Include="Resources\include\curl\typecheck-gcc.h">
      <Filter>Header Files</Filter>
    </ClInclude>
    <ClInclude Include="Resources\include\curl\urlapi.h">
      <Filter>Header Files</Filter>
    </ClInclude>
    <ClInclude Include="Resources\include\curl\websockets.h">
      <Filter>Header Files</Filter>
    </ClInclude>
    <ClInclude Include="Resources\include\nlohmann\detail\conversions\from_json.hpp">
      <Filter>Header Files</Filter>
    </ClInclude>
    <ClInclude Include="Resources\include\nlohmann\detail\conversions\to_chars.hpp">
      <Filter>Header Files</Filter>
    </ClInclude>
    <ClInclude Include="Resources\include\nlohmann\detail\conversions\to_json.hpp">
      <Filter>Header Files</Filter>
    </ClInclude>
    <ClInclude Include="Resources\include\nlohmann\detail\input\binary_reader.hpp">
      <Filter>Header Files</Filter>
    </ClInclude>
    <ClInclude Include="Resources\include\nlohmann\detail\input\input_adapters.hpp">
      <Filter>Header Files</Filter>
    </ClInclude>
    <ClInclude Include="Resources\include\nlohmann\detail\input\json_sax.hpp">
      <Filter>Header Files</Filter>
    </ClInclude>
    <ClInclude Include="Resources\include\nlohmann\detail\input\lexer.hpp">
      <Filter>Header Files</Filter>
    </ClInclude>
    <ClInclude Include="Resources\include\nlohmann\detail\input\parser.hpp">
      <Filter>Header Files</Filter>
    </ClInclude>
    <ClInclude Include="Resources\include\nlohmann\detail\input\position_t.hpp">
      <Filter>Header Files</Filter>
    </ClInclude>
    <ClInclude Include="Resources\include\nlohmann\detail\iterators\internal_iterator.hpp">
      <Filter>Header Files</Filter>
    </ClInclude>
    <ClInclude Include="Resources\include\nlohmann\detail\iterators\iter_impl.hpp">
      <Filter>Header Files</Filter>
    </ClInclude>
    <ClInclude Include="Resources\include\nlohmann\detail\iterators\iteration_proxy.hpp">
      <Filter>Header Files</Filter>
    </ClInclude>
    <ClInclude Include="Resources\include\nlohmann\detail\iterators\iterator_traits.hpp">
      <Filter>Header Files</Filter>
    </ClInclude>
    <ClInclude Include="Resources\include\nlohmann\detail\iterators\json_reverse_iterator.hpp">
      <Filter>Header Files</Filter>
    </ClInclude>
    <ClInclude Include="Resources\include\nlohmann\detail\iterators\primitive_iterator.hpp">
      <Filter>Header Files</Filter>
    </ClInclude>
    <ClInclude Include="Resources\include\nlohmann\detail\meta\call_std\begin.hpp">
      <Filter>Header Files</Filter>
    </ClInclude>
    <ClInclude Include="Resources\include\nlohmann\detail\meta\call_std\end.hpp">
      <Filter>Header Files</Filter>
    </ClInclude>
    <ClInclude Include="Resources\include\nlohmann\detail\meta\cpp_future.hpp">
      <Filter>Header Files</Filter>
    </ClInclude>
    <ClInclude Include="Resources\include\nlohmann\detail\meta\detected.hpp">
      <Filter>Header Files</Filter>
    </ClInclude>
    <ClInclude Include="Resources\include\nlohmann\detail\meta\identity_tag.hpp">
      <Filter>Header Files</Filter>
    </ClInclude>
    <ClInclude Include="Resources\include\nlohmann\detail\meta\is_sax.hpp">
      <Filter>Header Files</Filter>
    </ClInclude>
    <ClInclude Include="Resources\include\nlohmann\detail\meta\std_fs.hpp">
      <Filter>Header Files</Filter>
    </ClInclude>
    <ClInclude Include="Resources\include\nlohmann\detail\meta\type_traits.hpp">
      <Filter>Header Files</Filter>
    </ClInclude>
    <ClInclude Include="Resources\include\nlohmann\detail\meta\void_t.hpp">
      <Filter>Header Files</Filter>
    </ClInclude>
    <ClInclude Include="Resources\include\nlohmann\detail\output\binary_writer.hpp">
      <Filter>Header Files</Filter>
    </ClInclude>
    <ClInclude Include="Resources\include\nlohmann\detail\output\output_adapters.hpp">
      <Filter>Header Files</Filter>
    </ClInclude>
    <ClInclude Include="Resources\include\nlohmann\detail\output\serializer.hpp">
      <Filter>Header Files</Filter>
    </ClInclude>
    <ClInclude Include="Resources\include\nlohmann\detail\abi_macros.hpp">
      <Filter>Header Files</Filter>
    </ClInclude>
    <ClInclude Include="Resources\include\nlohmann\detail\exceptions.hpp">
      <Filter>Header Files</Filter>
    </ClInclude>
    <ClInclude Include="Resources\include\nlohmann\detail\hash.hpp">
      <Filter>Header Files</Filter>
    </ClInclude>
    <ClInclude Include="Resources\include\nlohmann\detail\json_custom_base_class.hpp">
      <Filter>Header Files</Filter>
    </ClInclude>
    <ClInclude Include="Resources\include\nlohmann\detail\json_pointer.hpp">
      <Filter>Header Files</Filter>
    </ClInclude>
    <ClInclude Include="Resources\include\nlohmann\detail\json_ref.hpp">
      <Filter>Header Files</Filter>
    </ClInclude>
    <ClInclude Include="Resources\include\nlohmann\detail\macro_scope.hpp">
      <Filter>Header Files</Filter>
    </ClInclude>
    <ClInclude Include="Resources\include\nlohmann\detail\macro_unscope.hpp">
      <Filter>Header Files</Filter>
    </ClInclude>
    <ClInclude Include="Resources\include\nlohmann\detail\string_concat.hpp">
      <Filter>Header Files</Filter>
    </ClInclude>
    <ClInclude Include="Resources\include\nlohmann\detail\string_escape.hpp">
      <Filter>Header Files</Filter>
    </ClInclude>
    <ClInclude Include="Resources\include\nlohmann\detail\value_t.hpp">
      <Filter>Header Files</Filter>
    </ClInclude>
    <ClInclude Include="Resources\include\nlohmann\thirdparty\hedley\hedley.hpp">
      <Filter>Header Files</Filter>
    </ClInclude>
    <ClInclude Include="Resources\include\nlohmann\thirdparty\hedley\hedley_undef.hpp">
      <Filter>Header Files</Filter>
    </ClInclude>
    <ClInclude Include="Resources\include\nlohmann\adl_serializer.hpp">
      <Filter>Header Files</Filter>
    </ClInclude>
    <ClInclude Include="Resources\include\nlohmann\byte_container_with_subtype.hpp">
      <Filter>Header Files</Filter>
    </ClInclude>
    <ClInclude Include="Resources\include\nlohmann\json.hpp">
      <Filter>Header Files</Filter>
    </ClInclude>
    <ClInclude Include="Resources\include\nlohmann\json_fwd.hpp">
      <Filter>Header Files</Filter>
    </ClInclude>
    <ClInclude Include="Resources\include\nlohmann\ordered_map.hpp">
      <Filter>Header Files</Filter>
    </ClInclude>
    <ClInclude Include="Overlay\Renderer.hpp">
      <Filter>Header Files</Filter>
    </ClInclude>
    <ClInclude Include="API\instruments_list.hpp">
      <Filter>Header Files</Filter>
    </ClInclude>
    <ClInclude Include="API\InstrumentListFetcher.hpp">
      <Filter>Header Files</Filter>
    </ClInclude>
    <ClInclude Include="API\auth.hpp">
      <Filter>Header Files</Filter>
    </ClInclude>
    <ClInclude Include="API\get_position.hpp">
      <Filter>Header Files</Filter>
    </ClInclude>
    <ClInclude Include="API\utils\performRequest.hpp">
      <Filter>Header Files</Filter>
    </ClInclude>
    <ClInclude Include="API\order_book.hpp">
      <Filter>Header Files</Filter>
    </ClInclude>
    <ClInclude Include="API\get_open_order.hpp">
      <Filter>Header Files</Filter>
    </ClInclude>
    <ClInclude Include="API\cancel_order.hpp">
      <Filter>Header Files</Filter>
    </ClInclude>
    <ClInclude Include="API\modify_order.hpp">
      <Filter>Header Files</Filter>
    </ClInclude>
    <ClInclude Include="API\buy.hpp">
      <Filter>Header Files</Filter>
    </ClInclude>
  </ItemGroup>
  <ItemGroup>
    <ClCompile Include="imgui\imgui.cpp">
      <Filter>Source Files</Filter>
    </ClCompile>
    <ClCompile Include="imgui\imgui_demo.cpp">
      <Filter>Source Files</Filter>
    </ClCompile>
    <ClCompile Include="imgui\imgui_draw.cpp">
      <Filter>Source Files</Filter>
    </ClCompile>
    <ClCompile Include="imgui\imgui_impl_dx11.cpp">
      <Filter>Source Files</Filter>
    </ClCompile>
    <ClCompile Include="imgui\imgui_impl_win32.cpp">
      <Filter>Source Files</Filter>
    </ClCompile>
    <ClCompile Include="imgui\imgui_tables.cpp">
      <Filter>Source Files</Filter>
    </ClCompile>
    <ClCompile Include="imgui\imgui_widgets.cpp">
      <Filter>Source Files</Filter>
    </ClCompile>
    <ClCompile Include="main.cpp">
      <Filter>Source Files</Filter>
    </ClCompile>
    <ClCompile Include="imgui\fonts\Roboto-Medium.hpp">
      <Filter>Source Files</Filter>
    </ClCompile>
    <ClCompile Include="imgui\fonts\Roboto-Medium.cpp">
      <Filter>Source Files</Filter>
    </ClCompile>
    <ClCompile Include="API\test.hpp">
      <Filter>Source Files</Filter>
    </ClCompile>
  </ItemGroup>
  <ItemGroup>
    <None Include="imgui\imgui.ini" />
    <None Include="Resources\bin\zlib1.dll" />
    <None Include="Resources\bin\zlib.pdb" />
    <None Include="Resources\bin\cpprest_2_10.pdb" />
    <None Include="Resources\bin\cpprest_2_10.dll" />
    <None Include="Resources\bin\brotlienc.pdb" />
    <None Include="Resources\bin\brotlienc.dll" />
    <None Include="Resources\bin\brotlidec.pdb" />
    <None Include="Resources\bin\brotlidec.dll" />
    <None Include="Resources\bin\brotlicommon.pdb" />
    <None Include="Resources\bin\brotlicommon.dll" />
    <None Include="Resources\bin\libcurl.dll" />
    <None Include="Resources\bin\libcurl.pdb" />
  </ItemGroup>
  <ItemGroup>
    <Library Include="Resources\lib\brotlicommon.lib" />
    <Library Include="Resources\lib\brotlidec.lib" />
    <Library Include="Resources\lib\brotlienc.lib" />
    <Library Include="Resources\lib\cpprest_2_10.lib" />
    <Library Include="Resources\lib\libcurl.lib" />
  </ItemGroup>
</Project>